
Microsoft Visual Studio Solution File, Format Version 12.00
# Visual Studio Version 17
VisualStudioVersion = 17.7.34221.43
MinimumVisualStudioVersion = 10.0.40219.1
Project("{FAE04EC0-301F-11D3-BF4B-00C04F79EFBC}") = "MailApp1", "MailApp1\MailApp1.csproj", "{A3C3D380-7A28-482D-A147-A0E8817F3145}"
EndProject
Global
	GlobalSection(SolutionConfigurationPlatforms) = preSolution
		Debug|Any CPU = Debug|Any CPU
		Release|Any CPU = Release|Any CPU
	EndGlobalSection
	GlobalSection(ProjectConfigurationPlatforms) = postSolution
		{A3C3D380-7A28-482D-A147-A0E8817F3145}.Debug|Any CPU.ActiveCfg = Debug|Any CPU
		{A3C3D380-7A28-482D-A147-A0E8817F3145}.Debug|Any CPU.Build.0 = Debug|Any CPU
		{A3C3D380-7A28-482D-A147-A0E8817F3145}.Release|Any CPU.ActiveCfg = Release|Any CPU
		{A3C3D380-7A28-482D-A147-A0E8817F3145}.Release|Any CPU.Build.0 = Release|Any CPU
	EndGlobalSection
	GlobalSection(SolutionProperties) = preSolution
		HideSolutionNode = FALSE
	EndGlobalSection
	GlobalSection(ExtensibilityGlobals) = postSolution
		SolutionGuid = {E58CD512-458B-4BE9-9DBA-C2DB47FF2452}
	EndGlobalSection
EndGlobal
